
Microsoft Visual Studio Solution File, Format Version 12.00
# Visual Studio Version 17
VisualStudioVersion = 17.1.32328.378
MinimumVisualStudioVersion = 10.0.40219.1
Project("{FAE04EC0-301F-11D3-BF4B-00C04F79EFBC}") = "CodingRoom3", "CodingRoom3\CodingRoom3.csproj", "{4FACD559-4A6C-4299-8502-CE4BFA8D8D9C}"
EndProject
Global
	GlobalSection(SolutionConfigurationPlatforms) = preSolution
		Debug|Any CPU = Debug|Any CPU
		Release|Any CPU = Release|Any CPU
	EndGlobalSection
	GlobalSection(ProjectConfigurationPlatforms) = postSolution
		{4FACD559-4A6C-4299-8502-CE4BFA8D8D9C}.Debug|Any CPU.ActiveCfg = Debug|Any CPU
		{4FACD559-4A6C-4299-8502-CE4BFA8D8D9C}.Debug|Any CPU.Build.0 = Debug|Any CPU
		{4FACD559-4A6C-4299-8502-CE4BFA8D8D9C}.Release|Any CPU.ActiveCfg = Release|Any CPU
		{4FACD559-4A6C-4299-8502-CE4BFA8D8D9C}.Release|Any CPU.Build.0 = Release|Any CPU
	EndGlobalSection
	GlobalSection(SolutionProperties) = preSolution
		HideSolutionNode = FALSE
	EndGlobalSection
	GlobalSection(ExtensibilityGlobals) = postSolution
		SolutionGuid = {0BA1AA3B-0FD9-4969-B68C-EC5ECE8E1939}
	EndGlobalSection
EndGlobal
